
Microsoft Visual Studio Solution File, Format Version 12.00
# Visual Studio Version 17
VisualStudioVersion = 17.8.34316.72
MinimumVisualStudioVersion = 10.0.40219.1
Project("{FAE04EC0-301F-11D3-BF4B-00C04F79EFBC}") = "Sqlite01", "Sqlite01.csproj", "{0F07D249-C1AF-45E4-AB6F-E899FC7F481C}"
EndProject
Global
	GlobalSection(SolutionConfigurationPlatforms) = preSolution
		Debug|Any CPU = Debug|Any CPU
		Release|Any CPU = Release|Any CPU
	EndGlobalSection
	GlobalSection(ProjectConfigurationPlatforms) = postSolution
		{0F07D249-C1AF-45E4-AB6F-E899FC7F481C}.Debug|Any CPU.ActiveCfg = Debug|Any CPU
		{0F07D249-C1AF-45E4-AB6F-E899FC7F481C}.Debug|Any CPU.Build.0 = Debug|Any CPU
		{0F07D249-C1AF-45E4-AB6F-E899FC7F481C}.Release|Any CPU.ActiveCfg = Release|Any CPU
		{0F07D249-C1AF-45E4-AB6F-E899FC7F481C}.Release|Any CPU.Build.0 = Release|Any CPU
	EndGlobalSection
	GlobalSection(SolutionProperties) = preSolution
		HideSolutionNode = FALSE
	EndGlobalSection
	GlobalSection(ExtensibilityGlobals) = postSolution
		SolutionGuid = {76ADAC54-3CDB-45E6-B79A-759BDA0FBC13}
	EndGlobalSection
EndGlobal
